
Microsoft Visual Studio Solution File, Format Version 12.00
# Visual Studio Version 17
VisualStudioVersion = 17.10.34928.147
MinimumVisualStudioVersion = 10.0.40219.1
Project("{FAE04EC0-301F-11D3-BF4B-00C04F79EFBC}") = "OrangePriceCalc", "OrangePriceCalc.csproj", "{9E54BC5D-7891-4990-82AF-751B0676CC51}"
EndProject
Global
	GlobalSection(SolutionConfigurationPlatforms) = preSolution
		Debug|Any CPU = Debug|Any CPU
		Release|Any CPU = Release|Any CPU
	EndGlobalSection
	GlobalSection(ProjectConfigurationPlatforms) = postSolution
		{9E54BC5D-7891-4990-82AF-751B0676CC51}.Debug|Any CPU.ActiveCfg = Debug|Any CPU
		{9E54BC5D-7891-4990-82AF-751B0676CC51}.Debug|Any CPU.Build.0 = Debug|Any CPU
		{9E54BC5D-7891-4990-82AF-751B0676CC51}.Release|Any CPU.ActiveCfg = Release|Any CPU
		{9E54BC5D-7891-4990-82AF-751B0676CC51}.Release|Any CPU.Build.0 = Release|Any CPU
	EndGlobalSection
	GlobalSection(SolutionProperties) = preSolution
		HideSolutionNode = FALSE
	EndGlobalSection
	GlobalSection(ExtensibilityGlobals) = postSolution
		SolutionGuid = {49932C37-9699-41A6-8AA3-0031C4E53DAE}
	EndGlobalSection
EndGlobal
